{
    "_readme": [
        "This file locks the dependencies of your project to a known state",
        "Read more about it at https://getcomposer.org/doc/01-basic-usage.md#installing-dependencies",
        "This file is @generated automatically"
    ],
    "content-hash": "3de1243feba9638b8ab6d166f54495de",
    "packages": [
        {
            "name": "quantr/phpisdead",
            "version": "dev-main",
            "dist": {
                "type": "path",
                "url": "../phpisdead",
                "reference": "6e8e0363921efcb41e8f400c8e8d632990789842"
            },
            "type": "library",
            "autoload": {
                "psr-4": {
                    "Quantr\\PhpIsDead\\": "src/"
                }
            },
            "license": [
                "MIT"
            ],
            "authors": [
                {
                    "name": "Peter",
                    "email": "peter@quantr.hk"
                }
            ],
            "description": "Php framework",
            "transport-options": {
                "relative": true
            }
        }
    ],
    "packages-dev": [],
    "aliases": [],
    "minimum-stability": "stable",
    "stability-flags": {
        "quantr/phpisdead": 20
    },
    "prefer-stable": false,
    "prefer-lowest": false,
    "platform": {},
    "platform-dev": {},
    "plugin-api-version": "2.6.0"
}
